
Microsoft Visual Studio Solution File, Format Version 12.00
# Visual Studio Version 17
VisualStudioVersion = 17.14.36127.28 d17.14
MinimumVisualStudioVersion = 10.0.40219.1
Project("{FAE04EC0-301F-11D3-BF4B-00C04F79EFBC}") = "csharp-framework", "csharp-framework.csproj", "{989031D3-90DF-483C-90E0-86335B30200E}"
EndProject
Global
	GlobalSection(SolutionConfigurationPlatforms) = preSolution
		Debug|Any CPU = Debug|Any CPU
		Release|Any CPU = Release|Any CPU
	EndGlobalSection
	GlobalSection(ProjectConfigurationPlatforms) = postSolution
		{989031D3-90DF-483C-90E0-86335B30200E}.Debug|Any CPU.ActiveCfg = Debug|Any CPU
		{989031D3-90DF-483C-90E0-86335B30200E}.Debug|Any CPU.Build.0 = Debug|Any CPU
		{989031D3-90DF-483C-90E0-86335B30200E}.Release|Any CPU.ActiveCfg = Release|Any CPU
		{989031D3-90DF-483C-90E0-86335B30200E}.Release|Any CPU.Build.0 = Release|Any CPU
	EndGlobalSection
	GlobalSection(SolutionProperties) = preSolution
		HideSolutionNode = FALSE
	EndGlobalSection
	GlobalSection(ExtensibilityGlobals) = postSolution
		SolutionGuid = {5B5F1950-816A-420C-AD17-09506540E275}
	EndGlobalSection
EndGlobal
